
Microsoft Visual Studio Solution File, Format Version 12.00
Project("{FAE04EC0-301F-11D3-BF4B-00C04F79EFBC}") = "DAP.Web.Api", "DAP.Web.Api\DAP.Web.Api.csproj", "{575550B9-0CF7-488E-9C59-EB85707E208B}"
EndProject
Project("{FAE04EC0-301F-11D3-BF4B-00C04F79EFBC}") = "DAP.Application", "DAP.Application\DAP.Application.csproj", "{3309E3E1-CEFC-40CA-AF6C-C99577E2A9D0}"
EndProject
Project("{FAE04EC0-301F-11D3-BF4B-00C04F79EFBC}") = "DAP.Domain", "DAP.Domain\DAP.Domain.csproj", "{9BEBB5D4-BAB8-43D0-A502-905CDBACE892}"
EndProject
Project("{FAE04EC0-301F-11D3-BF4B-00C04F79EFBC}") = "DAP.Application.Test", "DAP.Application.Test\DAP.Application.Test.csproj", "{9BDDE420-C96B-4E0E-B2CD-D6992C2265AD}"
EndProject
Project("{FAE04EC0-301F-11D3-BF4B-00C04F79EFBC}") = "DAP.Test.Common", "DAP.Test.Common\DAP.Test.Common.csproj", "{CBF547FE-898A-467F-B254-4ECC57D7B29E}"
EndProject
Project("{FAE04EC0-301F-11D3-BF4B-00C04F79EFBC}") = "DAP.Config", "DAP.Config\DAP.Config.csproj", "{C6F5D75E-2D77-4F4E-AE66-E95083E8AB7D}"
EndProject
Project("{FAE04EC0-301F-11D3-BF4B-00C04F79EFBC}") = "DAP.Config.Test", "DAP.Config.Test\DAP.Config.Test.csproj", "{228A60E5-733A-450C-8A71-8EE0A431DAA3}"
EndProject
Project("{FAE04EC0-301F-11D3-BF4B-00C04F79EFBC}") = "DAP.Core", "DAP.Core\DAP.Core.csproj", "{34F06428-2870-4EBE-A5CF-31ABF5FEB76E}"
EndProject
Project("{FAE04EC0-301F-11D3-BF4B-00C04F79EFBC}") = "DAP.Infra", "DAP.Infra\DAP.Infra.csproj", "{A91EEF03-D2C0-461D-B2F3-F3535AAE913B}"
EndProject
Project("{FAE04EC0-301F-11D3-BF4B-00C04F79EFBC}") = "DAP.Infra.Test", "DAP.Infra.Test\DAP.Infra.Test.csproj", "{0D1761DF-7007-429B-AC7F-50FD6D6DC95C}"
EndProject
Project("{FAE04EC0-301F-11D3-BF4B-00C04F79EFBC}") = "DAP.Bootstrapper", "DAP.Bootstrapper\DAP.Bootstrapper.csproj", "{F6349B91-BF50-4483-8D07-8CB006CE3E1C}"
EndProject
Project("{FAE04EC0-301F-11D3-BF4B-00C04F79EFBC}") = "DAP.Web.App", "DAP.Web.App\DAP.Web.App.csproj", "{63E0918A-B35F-47AA-A843-9659ABA50DC5}"
EndProject
Project("{FAE04EC0-301F-11D3-BF4B-00C04F79EFBC}") = "DAP.Infra.Core", "DAP.Infra.Core\DAP.Infra.Core.csproj", "{32136429-B0C4-4FBD-BB1B-ADF421C94C81}"
EndProject
Project("{FAE04EC0-301F-11D3-BF4B-00C04F79EFBC}") = "DAP.Infra.Core.Test", "DAP.Infra.Core.Test\DAP.Infra.Core.Test.csproj", "{61865E32-E3F0-4C04-86C4-BAD6E1E80104}"
EndProject
Global
	GlobalSection(SolutionConfigurationPlatforms) = preSolution
		Debug|Any CPU = Debug|Any CPU
		Release|Any CPU = Release|Any CPU
	EndGlobalSection
	GlobalSection(ProjectConfigurationPlatforms) = postSolution
		{575550B9-0CF7-488E-9C59-EB85707E208B}.Debug|Any CPU.ActiveCfg = Debug|Any CPU
		{575550B9-0CF7-488E-9C59-EB85707E208B}.Debug|Any CPU.Build.0 = Debug|Any CPU
		{575550B9-0CF7-488E-9C59-EB85707E208B}.Release|Any CPU.ActiveCfg = Release|Any CPU
		{575550B9-0CF7-488E-9C59-EB85707E208B}.Release|Any CPU.Build.0 = Release|Any CPU
		{3309E3E1-CEFC-40CA-AF6C-C99577E2A9D0}.Debug|Any CPU.ActiveCfg = Debug|Any CPU
		{3309E3E1-CEFC-40CA-AF6C-C99577E2A9D0}.Debug|Any CPU.Build.0 = Debug|Any CPU
		{3309E3E1-CEFC-40CA-AF6C-C99577E2A9D0}.Release|Any CPU.ActiveCfg = Release|Any CPU
		{3309E3E1-CEFC-40CA-AF6C-C99577E2A9D0}.Release|Any CPU.Build.0 = Release|Any CPU
		{9BEBB5D4-BAB8-43D0-A502-905CDBACE892}.Debug|Any CPU.ActiveCfg = Debug|Any CPU
		{9BEBB5D4-BAB8-43D0-A502-905CDBACE892}.Debug|Any CPU.Build.0 = Debug|Any CPU
		{9BEBB5D4-BAB8-43D0-A502-905CDBACE892}.Release|Any CPU.ActiveCfg = Release|Any CPU
		{9BEBB5D4-BAB8-43D0-A502-905CDBACE892}.Release|Any CPU.Build.0 = Release|Any CPU
		{9BDDE420-C96B-4E0E-B2CD-D6992C2265AD}.Debug|Any CPU.ActiveCfg = Debug|Any CPU
		{9BDDE420-C96B-4E0E-B2CD-D6992C2265AD}.Debug|Any CPU.Build.0 = Debug|Any CPU
		{9BDDE420-C96B-4E0E-B2CD-D6992C2265AD}.Release|Any CPU.ActiveCfg = Release|Any CPU
		{9BDDE420-C96B-4E0E-B2CD-D6992C2265AD}.Release|Any CPU.Build.0 = Release|Any CPU
		{CBF547FE-898A-467F-B254-4ECC57D7B29E}.Debug|Any CPU.ActiveCfg = Debug|Any CPU
		{CBF547FE-898A-467F-B254-4ECC57D7B29E}.Debug|Any CPU.Build.0 = Debug|Any CPU
		{CBF547FE-898A-467F-B254-4ECC57D7B29E}.Release|Any CPU.ActiveCfg = Release|Any CPU
		{CBF547FE-898A-467F-B254-4ECC57D7B29E}.Release|Any CPU.Build.0 = Release|Any CPU
		{C6F5D75E-2D77-4F4E-AE66-E95083E8AB7D}.Debug|Any CPU.ActiveCfg = Debug|Any CPU
		{C6F5D75E-2D77-4F4E-AE66-E95083E8AB7D}.Debug|Any CPU.Build.0 = Debug|Any CPU
		{C6F5D75E-2D77-4F4E-AE66-E95083E8AB7D}.Release|Any CPU.ActiveCfg = Release|Any CPU
		{C6F5D75E-2D77-4F4E-AE66-E95083E8AB7D}.Release|Any CPU.Build.0 = Release|Any CPU
		{228A60E5-733A-450C-8A71-8EE0A431DAA3}.Debug|Any CPU.ActiveCfg = Debug|Any CPU
		{228A60E5-733A-450C-8A71-8EE0A431DAA3}.Debug|Any CPU.Build.0 = Debug|Any CPU
		{228A60E5-733A-450C-8A71-8EE0A431DAA3}.Release|Any CPU.ActiveCfg = Release|Any CPU
		{228A60E5-733A-450C-8A71-8EE0A431DAA3}.Release|Any CPU.Build.0 = Release|Any CPU
		{34F06428-2870-4EBE-A5CF-31ABF5FEB76E}.Debug|Any CPU.ActiveCfg = Debug|Any CPU
		{34F06428-2870-4EBE-A5CF-31ABF5FEB76E}.Debug|Any CPU.Build.0 = Debug|Any CPU
		{34F06428-2870-4EBE-A5CF-31ABF5FEB76E}.Release|Any CPU.ActiveCfg = Release|Any CPU
		{34F06428-2870-4EBE-A5CF-31ABF5FEB76E}.Release|Any CPU.Build.0 = Release|Any CPU
		{A91EEF03-D2C0-461D-B2F3-F3535AAE913B}.Debug|Any CPU.ActiveCfg = Debug|Any CPU
		{A91EEF03-D2C0-461D-B2F3-F3535AAE913B}.Debug|Any CPU.Build.0 = Debug|Any CPU
		{A91EEF03-D2C0-461D-B2F3-F3535AAE913B}.Release|Any CPU.ActiveCfg = Release|Any CPU
		{A91EEF03-D2C0-461D-B2F3-F3535AAE913B}.Release|Any CPU.Build.0 = Release|Any CPU
		{0D1761DF-7007-429B-AC7F-50FD6D6DC95C}.Debug|Any CPU.ActiveCfg = Debug|Any CPU
		{0D1761DF-7007-429B-AC7F-50FD6D6DC95C}.Debug|Any CPU.Build.0 = Debug|Any CPU
		{0D1761DF-7007-429B-AC7F-50FD6D6DC95C}.Release|Any CPU.ActiveCfg = Release|Any CPU
		{0D1761DF-7007-429B-AC7F-50FD6D6DC95C}.Release|Any CPU.Build.0 = Release|Any CPU
		{F6349B91-BF50-4483-8D07-8CB006CE3E1C}.Debug|Any CPU.ActiveCfg = Debug|Any CPU
		{F6349B91-BF50-4483-8D07-8CB006CE3E1C}.Debug|Any CPU.Build.0 = Debug|Any CPU
		{F6349B91-BF50-4483-8D07-8CB006CE3E1C}.Release|Any CPU.ActiveCfg = Release|Any CPU
		{F6349B91-BF50-4483-8D07-8CB006CE3E1C}.Release|Any CPU.Build.0 = Release|Any CPU
		{63E0918A-B35F-47AA-A843-9659ABA50DC5}.Debug|Any CPU.ActiveCfg = Debug|Any CPU
		{63E0918A-B35F-47AA-A843-9659ABA50DC5}.Debug|Any CPU.Build.0 = Debug|Any CPU
		{63E0918A-B35F-47AA-A843-9659ABA50DC5}.Release|Any CPU.ActiveCfg = Release|Any CPU
		{63E0918A-B35F-47AA-A843-9659ABA50DC5}.Release|Any CPU.Build.0 = Release|Any CPU
		{32136429-B0C4-4FBD-BB1B-ADF421C94C81}.Debug|Any CPU.ActiveCfg = Debug|Any CPU
		{32136429-B0C4-4FBD-BB1B-ADF421C94C81}.Debug|Any CPU.Build.0 = Debug|Any CPU
		{32136429-B0C4-4FBD-BB1B-ADF421C94C81}.Release|Any CPU.ActiveCfg = Release|Any CPU
		{32136429-B0C4-4FBD-BB1B-ADF421C94C81}.Release|Any CPU.Build.0 = Release|Any CPU
		{61865E32-E3F0-4C04-86C4-BAD6E1E80104}.Debug|Any CPU.ActiveCfg = Debug|Any CPU
		{61865E32-E3F0-4C04-86C4-BAD6E1E80104}.Debug|Any CPU.Build.0 = Debug|Any CPU
		{61865E32-E3F0-4C04-86C4-BAD6E1E80104}.Release|Any CPU.ActiveCfg = Release|Any CPU
		{61865E32-E3F0-4C04-86C4-BAD6E1E80104}.Release|Any CPU.Build.0 = Release|Any CPU
	EndGlobalSection
EndGlobal
